
Microsoft Visual Studio Solution File, Format Version 12.00
# Visual Studio 15
VisualStudioVersion = 15.0.26124.0
MinimumVisualStudioVersion = 15.0.26124.0
Project("{2150E333-8FDC-42A3-9474-1A3956D46DE8}") = "src", "src", "{DB0D340A-CD64-4903-9CC7-F439DC14BB13}"
EndProject
Project("{FAE04EC0-301F-11D3-BF4B-00C04F79EFBC}") = "BuildingBlocks.Core", "src\BuildingBlocks.Core\BuildingBlocks.Core.csproj", "{C9A9FB49-9DE7-4BA9-BA17-B103F2A42DF3}"
EndProject
Project("{2150E333-8FDC-42A3-9474-1A3956D46DE8}") = "test", "test", "{3CC736C6-12BD-4D38-8AB3-993CFE85068A}"
EndProject
Project("{FAE04EC0-301F-11D3-BF4B-00C04F79EFBC}") = "BuildingBlocks.Core.Tests", "test\BuildingBlocks.Core.Tests\BuildingBlocks.Core.Tests.csproj", "{CC19CF3B-EC39-44E3-9ABB-E4BC3781A948}"
EndProject
Project("{FAE04EC0-301F-11D3-BF4B-00C04F79EFBC}") = "BuildingBlocks.Http", "src\BuildingBlocks.Http\BuildingBlocks.Http.csproj", "{5B9C5202-C219-4C5A-A723-E0BC423A4DA9}"
EndProject
Project("{FAE04EC0-301F-11D3-BF4B-00C04F79EFBC}") = "BuildingBlocks.Http.Tests", "test\BuildingBlocks.Http.Tests\BuildingBlocks.Http.Tests.csproj", "{C6ED44E9-F0A6-4285-BE0C-E64AE3DAD39C}"
EndProject
Project("{FAE04EC0-301F-11D3-BF4B-00C04F79EFBC}") = "BuildingBlocks.Mock.WebApi", "test\BuildingBlocks.Mock.WebApi\BuildingBlocks.Mock.WebApi.csproj", "{2F8CF92D-6C00-494E-A588-E2A143B8A191}"
EndProject
Project("{FAE04EC0-301F-11D3-BF4B-00C04F79EFBC}") = "BuildingBlocks.EFCore.Tests", "test\BuildingBlocks.EFCore.Tests\BuildingBlocks.EFCore.Tests.csproj", "{BCDCA60A-A921-42EF-A49E-268887476F39}"
EndProject
Project("{FAE04EC0-301F-11D3-BF4B-00C04F79EFBC}") = "BuildingBlocks.Test", "test\BuildingBlocks.Test\BuildingBlocks.Test.csproj", "{04E5214F-2BE0-4FA0-A65E-F11EFBC1BBFE}"
EndProject
Project("{FAE04EC0-301F-11D3-BF4B-00C04F79EFBC}") = "BuildingBlocks.Dapper", "src\BuildingBlocks.Dapper\BuildingBlocks.Dapper.csproj", "{3E181913-977E-4D94-92E8-209C4A1CE1E6}"
EndProject
Project("{FAE04EC0-301F-11D3-BF4B-00C04F79EFBC}") = "BuildingBlocks.EFCore", "src\BuildingBlocks.EFCore\BuildingBlocks.EFCore.csproj", "{D6A09448-7F1A-4DAB-8565-C09E9D853EBF}"
EndProject
Project("{FAE04EC0-301F-11D3-BF4B-00C04F79EFBC}") = "BuildingBlocks.Dapper.Tests", "test\BuildingBlocks.Dapper.Tests\BuildingBlocks.Dapper.Tests.csproj", "{DA201A7F-D9A2-4665-8A50-C86E6CCBA359}"
EndProject
Global
	GlobalSection(SolutionConfigurationPlatforms) = preSolution
		Debug|Any CPU = Debug|Any CPU
		Debug|x64 = Debug|x64
		Debug|x86 = Debug|x86
		Release|Any CPU = Release|Any CPU
		Release|x64 = Release|x64
		Release|x86 = Release|x86
	EndGlobalSection
	GlobalSection(SolutionProperties) = preSolution
		HideSolutionNode = FALSE
	EndGlobalSection
	GlobalSection(ProjectConfigurationPlatforms) = postSolution
		{C9A9FB49-9DE7-4BA9-BA17-B103F2A42DF3}.Debug|Any CPU.ActiveCfg = Debug|Any CPU
		{C9A9FB49-9DE7-4BA9-BA17-B103F2A42DF3}.Debug|Any CPU.Build.0 = Debug|Any CPU
		{C9A9FB49-9DE7-4BA9-BA17-B103F2A42DF3}.Debug|x64.ActiveCfg = Debug|Any CPU
		{C9A9FB49-9DE7-4BA9-BA17-B103F2A42DF3}.Debug|x64.Build.0 = Debug|Any CPU
		{C9A9FB49-9DE7-4BA9-BA17-B103F2A42DF3}.Debug|x86.ActiveCfg = Debug|Any CPU
		{C9A9FB49-9DE7-4BA9-BA17-B103F2A42DF3}.Debug|x86.Build.0 = Debug|Any CPU
		{C9A9FB49-9DE7-4BA9-BA17-B103F2A42DF3}.Release|Any CPU.ActiveCfg = Release|Any CPU
		{C9A9FB49-9DE7-4BA9-BA17-B103F2A42DF3}.Release|Any CPU.Build.0 = Release|Any CPU
		{C9A9FB49-9DE7-4BA9-BA17-B103F2A42DF3}.Release|x64.ActiveCfg = Release|Any CPU
		{C9A9FB49-9DE7-4BA9-BA17-B103F2A42DF3}.Release|x64.Build.0 = Release|Any CPU
		{C9A9FB49-9DE7-4BA9-BA17-B103F2A42DF3}.Release|x86.ActiveCfg = Release|Any CPU
		{C9A9FB49-9DE7-4BA9-BA17-B103F2A42DF3}.Release|x86.Build.0 = Release|Any CPU
		{CC19CF3B-EC39-44E3-9ABB-E4BC3781A948}.Debug|Any CPU.ActiveCfg = Debug|Any CPU
		{CC19CF3B-EC39-44E3-9ABB-E4BC3781A948}.Debug|Any CPU.Build.0 = Debug|Any CPU
		{CC19CF3B-EC39-44E3-9ABB-E4BC3781A948}.Debug|x64.ActiveCfg = Debug|Any CPU
		{CC19CF3B-EC39-44E3-9ABB-E4BC3781A948}.Debug|x64.Build.0 = Debug|Any CPU
		{CC19CF3B-EC39-44E3-9ABB-E4BC3781A948}.Debug|x86.ActiveCfg = Debug|Any CPU
		{CC19CF3B-EC39-44E3-9ABB-E4BC3781A948}.Debug|x86.Build.0 = Debug|Any CPU
		{CC19CF3B-EC39-44E3-9ABB-E4BC3781A948}.Release|Any CPU.ActiveCfg = Release|Any CPU
		{CC19CF3B-EC39-44E3-9ABB-E4BC3781A948}.Release|Any CPU.Build.0 = Release|Any CPU
		{CC19CF3B-EC39-44E3-9ABB-E4BC3781A948}.Release|x64.ActiveCfg = Release|Any CPU
		{CC19CF3B-EC39-44E3-9ABB-E4BC3781A948}.Release|x64.Build.0 = Release|Any CPU
		{CC19CF3B-EC39-44E3-9ABB-E4BC3781A948}.Release|x86.ActiveCfg = Release|Any CPU
		{CC19CF3B-EC39-44E3-9ABB-E4BC3781A948}.Release|x86.Build.0 = Release|Any CPU
		{5B9C5202-C219-4C5A-A723-E0BC423A4DA9}.Debug|Any CPU.ActiveCfg = Debug|Any CPU
		{5B9C5202-C219-4C5A-A723-E0BC423A4DA9}.Debug|Any CPU.Build.0 = Debug|Any CPU
		{5B9C5202-C219-4C5A-A723-E0BC423A4DA9}.Debug|x64.ActiveCfg = Debug|Any CPU
		{5B9C5202-C219-4C5A-A723-E0BC423A4DA9}.Debug|x64.Build.0 = Debug|Any CPU
		{5B9C5202-C219-4C5A-A723-E0BC423A4DA9}.Debug|x86.ActiveCfg = Debug|Any CPU
		{5B9C5202-C219-4C5A-A723-E0BC423A4DA9}.Debug|x86.Build.0 = Debug|Any CPU
		{5B9C5202-C219-4C5A-A723-E0BC423A4DA9}.Release|Any CPU.ActiveCfg = Release|Any CPU
		{5B9C5202-C219-4C5A-A723-E0BC423A4DA9}.Release|Any CPU.Build.0 = Release|Any CPU
		{5B9C5202-C219-4C5A-A723-E0BC423A4DA9}.Release|x64.ActiveCfg = Release|Any CPU
		{5B9C5202-C219-4C5A-A723-E0BC423A4DA9}.Release|x64.Build.0 = Release|Any CPU
		{5B9C5202-C219-4C5A-A723-E0BC423A4DA9}.Release|x86.ActiveCfg = Release|Any CPU
		{5B9C5202-C219-4C5A-A723-E0BC423A4DA9}.Release|x86.Build.0 = Release|Any CPU
		{C6ED44E9-F0A6-4285-BE0C-E64AE3DAD39C}.Debug|Any CPU.ActiveCfg = Debug|Any CPU
		{C6ED44E9-F0A6-4285-BE0C-E64AE3DAD39C}.Debug|Any CPU.Build.0 = Debug|Any CPU
		{C6ED44E9-F0A6-4285-BE0C-E64AE3DAD39C}.Debug|x64.ActiveCfg = Debug|Any CPU
		{C6ED44E9-F0A6-4285-BE0C-E64AE3DAD39C}.Debug|x64.Build.0 = Debug|Any CPU
		{C6ED44E9-F0A6-4285-BE0C-E64AE3DAD39C}.Debug|x86.ActiveCfg = Debug|Any CPU
		{C6ED44E9-F0A6-4285-BE0C-E64AE3DAD39C}.Debug|x86.Build.0 = Debug|Any CPU
		{C6ED44E9-F0A6-4285-BE0C-E64AE3DAD39C}.Release|Any CPU.ActiveCfg = Release|Any CPU
		{C6ED44E9-F0A6-4285-BE0C-E64AE3DAD39C}.Release|Any CPU.Build.0 = Release|Any CPU
		{C6ED44E9-F0A6-4285-BE0C-E64AE3DAD39C}.Release|x64.ActiveCfg = Release|Any CPU
		{C6ED44E9-F0A6-4285-BE0C-E64AE3DAD39C}.Release|x64.Build.0 = Release|Any CPU
		{C6ED44E9-F0A6-4285-BE0C-E64AE3DAD39C}.Release|x86.ActiveCfg = Release|Any CPU
		{C6ED44E9-F0A6-4285-BE0C-E64AE3DAD39C}.Release|x86.Build.0 = Release|Any CPU
		{2F8CF92D-6C00-494E-A588-E2A143B8A191}.Debug|Any CPU.ActiveCfg = Debug|Any CPU
		{2F8CF92D-6C00-494E-A588-E2A143B8A191}.Debug|Any CPU.Build.0 = Debug|Any CPU
		{2F8CF92D-6C00-494E-A588-E2A143B8A191}.Debug|x64.ActiveCfg = Debug|Any CPU
		{2F8CF92D-6C00-494E-A588-E2A143B8A191}.Debug|x64.Build.0 = Debug|Any CPU
		{2F8CF92D-6C00-494E-A588-E2A143B8A191}.Debug|x86.ActiveCfg = Debug|Any CPU
		{2F8CF92D-6C00-494E-A588-E2A143B8A191}.Debug|x86.Build.0 = Debug|Any CPU
		{2F8CF92D-6C00-494E-A588-E2A143B8A191}.Release|Any CPU.ActiveCfg = Release|Any CPU
		{2F8CF92D-6C00-494E-A588-E2A143B8A191}.Release|Any CPU.Build.0 = Release|Any CPU
		{2F8CF92D-6C00-494E-A588-E2A143B8A191}.Release|x64.ActiveCfg = Release|Any CPU
		{2F8CF92D-6C00-494E-A588-E2A143B8A191}.Release|x64.Build.0 = Release|Any CPU
		{2F8CF92D-6C00-494E-A588-E2A143B8A191}.Release|x86.ActiveCfg = Release|Any CPU
		{2F8CF92D-6C00-494E-A588-E2A143B8A191}.Release|x86.Build.0 = Release|Any CPU
		{BCDCA60A-A921-42EF-A49E-268887476F39}.Debug|Any CPU.ActiveCfg = Debug|Any CPU
		{BCDCA60A-A921-42EF-A49E-268887476F39}.Debug|Any CPU.Build.0 = Debug|Any CPU
		{BCDCA60A-A921-42EF-A49E-268887476F39}.Debug|x64.ActiveCfg = Debug|Any CPU
		{BCDCA60A-A921-42EF-A49E-268887476F39}.Debug|x64.Build.0 = Debug|Any CPU
		{BCDCA60A-A921-42EF-A49E-268887476F39}.Debug|x86.ActiveCfg = Debug|Any CPU
		{BCDCA60A-A921-42EF-A49E-268887476F39}.Debug|x86.Build.0 = Debug|Any CPU
		{BCDCA60A-A921-42EF-A49E-268887476F39}.Release|Any CPU.ActiveCfg = Release|Any CPU
		{BCDCA60A-A921-42EF-A49E-268887476F39}.Release|Any CPU.Build.0 = Release|Any CPU
		{BCDCA60A-A921-42EF-A49E-268887476F39}.Release|x64.ActiveCfg = Release|Any CPU
		{BCDCA60A-A921-42EF-A49E-268887476F39}.Release|x64.Build.0 = Release|Any CPU
		{BCDCA60A-A921-42EF-A49E-268887476F39}.Release|x86.ActiveCfg = Release|Any CPU
		{BCDCA60A-A921-42EF-A49E-268887476F39}.Release|x86.Build.0 = Release|Any CPU
		{04E5214F-2BE0-4FA0-A65E-F11EFBC1BBFE}.Debug|Any CPU.ActiveCfg = Debug|Any CPU
		{04E5214F-2BE0-4FA0-A65E-F11EFBC1BBFE}.Debug|Any CPU.Build.0 = Debug|Any CPU
		{04E5214F-2BE0-4FA0-A65E-F11EFBC1BBFE}.Debug|x64.ActiveCfg = Debug|Any CPU
		{04E5214F-2BE0-4FA0-A65E-F11EFBC1BBFE}.Debug|x64.Build.0 = Debug|Any CPU
		{04E5214F-2BE0-4FA0-A65E-F11EFBC1BBFE}.Debug|x86.ActiveCfg = Debug|Any CPU
		{04E5214F-2BE0-4FA0-A65E-F11EFBC1BBFE}.Debug|x86.Build.0 = Debug|Any CPU
		{04E5214F-2BE0-4FA0-A65E-F11EFBC1BBFE}.Release|Any CPU.ActiveCfg = Release|Any CPU
		{04E5214F-2BE0-4FA0-A65E-F11EFBC1BBFE}.Release|Any CPU.Build.0 = Release|Any CPU
		{04E5214F-2BE0-4FA0-A65E-F11EFBC1BBFE}.Release|x64.ActiveCfg = Release|Any CPU
		{04E5214F-2BE0-4FA0-A65E-F11EFBC1BBFE}.Release|x64.Build.0 = Release|Any CPU
		{04E5214F-2BE0-4FA0-A65E-F11EFBC1BBFE}.Release|x86.ActiveCfg = Release|Any CPU
		{04E5214F-2BE0-4FA0-A65E-F11EFBC1BBFE}.Release|x86.Build.0 = Release|Any CPU
		{3E181913-977E-4D94-92E8-209C4A1CE1E6}.Debug|Any CPU.ActiveCfg = Debug|Any CPU
		{3E181913-977E-4D94-92E8-209C4A1CE1E6}.Debug|Any CPU.Build.0 = Debug|Any CPU
		{3E181913-977E-4D94-92E8-209C4A1CE1E6}.Debug|x64.ActiveCfg = Debug|Any CPU
		{3E181913-977E-4D94-92E8-209C4A1CE1E6}.Debug|x64.Build.0 = Debug|Any CPU
		{3E181913-977E-4D94-92E8-209C4A1CE1E6}.Debug|x86.ActiveCfg = Debug|Any CPU
		{3E181913-977E-4D94-92E8-209C4A1CE1E6}.Debug|x86.Build.0 = Debug|Any CPU
		{3E181913-977E-4D94-92E8-209C4A1CE1E6}.Release|Any CPU.ActiveCfg = Release|Any CPU
		{3E181913-977E-4D94-92E8-209C4A1CE1E6}.Release|Any CPU.Build.0 = Release|Any CPU
		{3E181913-977E-4D94-92E8-209C4A1CE1E6}.Release|x64.ActiveCfg = Release|Any CPU
		{3E181913-977E-4D94-92E8-209C4A1CE1E6}.Release|x64.Build.0 = Release|Any CPU
		{3E181913-977E-4D94-92E8-209C4A1CE1E6}.Release|x86.ActiveCfg = Release|Any CPU
		{3E181913-977E-4D94-92E8-209C4A1CE1E6}.Release|x86.Build.0 = Release|Any CPU
		{D6A09448-7F1A-4DAB-8565-C09E9D853EBF}.Debug|Any CPU.ActiveCfg = Debug|Any CPU
		{D6A09448-7F1A-4DAB-8565-C09E9D853EBF}.Debug|Any CPU.Build.0 = Debug|Any CPU
		{D6A09448-7F1A-4DAB-8565-C09E9D853EBF}.Debug|x64.ActiveCfg = Debug|Any CPU
		{D6A09448-7F1A-4DAB-8565-C09E9D853EBF}.Debug|x64.Build.0 = Debug|Any CPU
		{D6A09448-7F1A-4DAB-8565-C09E9D853EBF}.Debug|x86.ActiveCfg = Debug|Any CPU
		{D6A09448-7F1A-4DAB-8565-C09E9D853EBF}.Debug|x86.Build.0 = Debug|Any CPU
		{D6A09448-7F1A-4DAB-8565-C09E9D853EBF}.Release|Any CPU.ActiveCfg = Release|Any CPU
		{D6A09448-7F1A-4DAB-8565-C09E9D853EBF}.Release|Any CPU.Build.0 = Release|Any CPU
		{D6A09448-7F1A-4DAB-8565-C09E9D853EBF}.Release|x64.ActiveCfg = Release|Any CPU
		{D6A09448-7F1A-4DAB-8565-C09E9D853EBF}.Release|x64.Build.0 = Release|Any CPU
		{D6A09448-7F1A-4DAB-8565-C09E9D853EBF}.Release|x86.ActiveCfg = Release|Any CPU
		{D6A09448-7F1A-4DAB-8565-C09E9D853EBF}.Release|x86.Build.0 = Release|Any CPU
		{DA201A7F-D9A2-4665-8A50-C86E6CCBA359}.Debug|Any CPU.ActiveCfg = Debug|Any CPU
		{DA201A7F-D9A2-4665-8A50-C86E6CCBA359}.Debug|Any CPU.Build.0 = Debug|Any CPU
		{DA201A7F-D9A2-4665-8A50-C86E6CCBA359}.Debug|x64.ActiveCfg = Debug|Any CPU
		{DA201A7F-D9A2-4665-8A50-C86E6CCBA359}.Debug|x64.Build.0 = Debug|Any CPU
		{DA201A7F-D9A2-4665-8A50-C86E6CCBA359}.Debug|x86.ActiveCfg = Debug|Any CPU
		{DA201A7F-D9A2-4665-8A50-C86E6CCBA359}.Debug|x86.Build.0 = Debug|Any CPU
		{DA201A7F-D9A2-4665-8A50-C86E6CCBA359}.Release|Any CPU.ActiveCfg = Release|Any CPU
		{DA201A7F-D9A2-4665-8A50-C86E6CCBA359}.Release|Any CPU.Build.0 = Release|Any CPU
		{DA201A7F-D9A2-4665-8A50-C86E6CCBA359}.Release|x64.ActiveCfg = Release|Any CPU
		{DA201A7F-D9A2-4665-8A50-C86E6CCBA359}.Release|x64.Build.0 = Release|Any CPU
		{DA201A7F-D9A2-4665-8A50-C86E6CCBA359}.Release|x86.ActiveCfg = Release|Any CPU
		{DA201A7F-D9A2-4665-8A50-C86E6CCBA359}.Release|x86.Build.0 = Release|Any CPU
	EndGlobalSection
	GlobalSection(NestedProjects) = preSolution
		{C9A9FB49-9DE7-4BA9-BA17-B103F2A42DF3} = {DB0D340A-CD64-4903-9CC7-F439DC14BB13}
		{CC19CF3B-EC39-44E3-9ABB-E4BC3781A948} = {3CC736C6-12BD-4D38-8AB3-993CFE85068A}
		{5B9C5202-C219-4C5A-A723-E0BC423A4DA9} = {DB0D340A-CD64-4903-9CC7-F439DC14BB13}
		{C6ED44E9-F0A6-4285-BE0C-E64AE3DAD39C} = {3CC736C6-12BD-4D38-8AB3-993CFE85068A}
		{2F8CF92D-6C00-494E-A588-E2A143B8A191} = {3CC736C6-12BD-4D38-8AB3-993CFE85068A}
		{BCDCA60A-A921-42EF-A49E-268887476F39} = {3CC736C6-12BD-4D38-8AB3-993CFE85068A}
		{04E5214F-2BE0-4FA0-A65E-F11EFBC1BBFE} = {3CC736C6-12BD-4D38-8AB3-993CFE85068A}
		{3E181913-977E-4D94-92E8-209C4A1CE1E6} = {DB0D340A-CD64-4903-9CC7-F439DC14BB13}
		{D6A09448-7F1A-4DAB-8565-C09E9D853EBF} = {DB0D340A-CD64-4903-9CC7-F439DC14BB13}
		{DA201A7F-D9A2-4665-8A50-C86E6CCBA359} = {3CC736C6-12BD-4D38-8AB3-993CFE85068A}
	EndGlobalSection
EndGlobal
