
Microsoft Visual Studio Solution File, Format Version 12.00
# Visual Studio 15
VisualStudioVersion = 15.0.26124.0
MinimumVisualStudioVersion = 15.0.26124.0
Project("{2150E333-8FDC-42A3-9474-1A3956D46DE8}") = "src", "src", "{DB0D340A-CD64-4903-9CC7-F439DC14BB13}"
EndProject
Project("{FAE04EC0-301F-11D3-BF4B-00C04F79EFBC}") = "Neutralize.Core", "src\Neutralize.Core\Neutralize.Core.csproj", "{C9A9FB49-9DE7-4BA9-BA17-B103F2A42DF3}"
EndProject
Project("{2150E333-8FDC-42A3-9474-1A3956D46DE8}") = "test", "test", "{3CC736C6-12BD-4D38-8AB3-993CFE85068A}"
EndProject
Project("{FAE04EC0-301F-11D3-BF4B-00C04F79EFBC}") = "Neutralize.Dapper", "src\Neutralize.Dapper\Neutralize.Dapper.csproj", "{3E181913-977E-4D94-92E8-209C4A1CE1E6}"
EndProject
Project("{FAE04EC0-301F-11D3-BF4B-00C04F79EFBC}") = "Neutralize.EFCore", "src\Neutralize.EFCore\Neutralize.EFCore.csproj", "{D6A09448-7F1A-4DAB-8565-C09E9D853EBF}"
EndProject
Project("{FAE04EC0-301F-11D3-BF4B-00C04F79EFBC}") = "Neutralize.Kafka", "src\Neutralize.Kafka\Neutralize.Kafka.csproj", "{AC8E32A5-E21C-4607-9D4B-FADA82374F7E}"
EndProject
Global
	GlobalSection(SolutionConfigurationPlatforms) = preSolution
		Debug|Any CPU = Debug|Any CPU
		Debug|x64 = Debug|x64
		Debug|x86 = Debug|x86
		Release|Any CPU = Release|Any CPU
		Release|x64 = Release|x64
		Release|x86 = Release|x86
	EndGlobalSection
	GlobalSection(SolutionProperties) = preSolution
		HideSolutionNode = FALSE
	EndGlobalSection
	GlobalSection(ProjectConfigurationPlatforms) = postSolution
		{C9A9FB49-9DE7-4BA9-BA17-B103F2A42DF3}.Debug|Any CPU.ActiveCfg = Debug|Any CPU
		{C9A9FB49-9DE7-4BA9-BA17-B103F2A42DF3}.Debug|Any CPU.Build.0 = Debug|Any CPU
		{C9A9FB49-9DE7-4BA9-BA17-B103F2A42DF3}.Debug|x64.ActiveCfg = Debug|Any CPU
		{C9A9FB49-9DE7-4BA9-BA17-B103F2A42DF3}.Debug|x64.Build.0 = Debug|Any CPU
		{C9A9FB49-9DE7-4BA9-BA17-B103F2A42DF3}.Debug|x86.ActiveCfg = Debug|Any CPU
		{C9A9FB49-9DE7-4BA9-BA17-B103F2A42DF3}.Debug|x86.Build.0 = Debug|Any CPU
		{C9A9FB49-9DE7-4BA9-BA17-B103F2A42DF3}.Release|Any CPU.ActiveCfg = Release|Any CPU
		{C9A9FB49-9DE7-4BA9-BA17-B103F2A42DF3}.Release|Any CPU.Build.0 = Release|Any CPU
		{C9A9FB49-9DE7-4BA9-BA17-B103F2A42DF3}.Release|x64.ActiveCfg = Release|Any CPU
		{C9A9FB49-9DE7-4BA9-BA17-B103F2A42DF3}.Release|x64.Build.0 = Release|Any CPU
		{C9A9FB49-9DE7-4BA9-BA17-B103F2A42DF3}.Release|x86.ActiveCfg = Release|Any CPU
		{C9A9FB49-9DE7-4BA9-BA17-B103F2A42DF3}.Release|x86.Build.0 = Release|Any CPU
		{3E181913-977E-4D94-92E8-209C4A1CE1E6}.Debug|Any CPU.ActiveCfg = Debug|Any CPU
		{3E181913-977E-4D94-92E8-209C4A1CE1E6}.Debug|Any CPU.Build.0 = Debug|Any CPU
		{3E181913-977E-4D94-92E8-209C4A1CE1E6}.Debug|x64.ActiveCfg = Debug|Any CPU
		{3E181913-977E-4D94-92E8-209C4A1CE1E6}.Debug|x64.Build.0 = Debug|Any CPU
		{3E181913-977E-4D94-92E8-209C4A1CE1E6}.Debug|x86.ActiveCfg = Debug|Any CPU
		{3E181913-977E-4D94-92E8-209C4A1CE1E6}.Debug|x86.Build.0 = Debug|Any CPU
		{3E181913-977E-4D94-92E8-209C4A1CE1E6}.Release|Any CPU.ActiveCfg = Release|Any CPU
		{3E181913-977E-4D94-92E8-209C4A1CE1E6}.Release|Any CPU.Build.0 = Release|Any CPU
		{3E181913-977E-4D94-92E8-209C4A1CE1E6}.Release|x64.ActiveCfg = Release|Any CPU
		{3E181913-977E-4D94-92E8-209C4A1CE1E6}.Release|x64.Build.0 = Release|Any CPU
		{3E181913-977E-4D94-92E8-209C4A1CE1E6}.Release|x86.ActiveCfg = Release|Any CPU
		{3E181913-977E-4D94-92E8-209C4A1CE1E6}.Release|x86.Build.0 = Release|Any CPU
		{D6A09448-7F1A-4DAB-8565-C09E9D853EBF}.Debug|Any CPU.ActiveCfg = Debug|Any CPU
		{D6A09448-7F1A-4DAB-8565-C09E9D853EBF}.Debug|Any CPU.Build.0 = Debug|Any CPU
		{D6A09448-7F1A-4DAB-8565-C09E9D853EBF}.Debug|x64.ActiveCfg = Debug|Any CPU
		{D6A09448-7F1A-4DAB-8565-C09E9D853EBF}.Debug|x64.Build.0 = Debug|Any CPU
		{D6A09448-7F1A-4DAB-8565-C09E9D853EBF}.Debug|x86.ActiveCfg = Debug|Any CPU
		{D6A09448-7F1A-4DAB-8565-C09E9D853EBF}.Debug|x86.Build.0 = Debug|Any CPU
		{D6A09448-7F1A-4DAB-8565-C09E9D853EBF}.Release|Any CPU.ActiveCfg = Release|Any CPU
		{D6A09448-7F1A-4DAB-8565-C09E9D853EBF}.Release|Any CPU.Build.0 = Release|Any CPU
		{D6A09448-7F1A-4DAB-8565-C09E9D853EBF}.Release|x64.ActiveCfg = Release|Any CPU
		{D6A09448-7F1A-4DAB-8565-C09E9D853EBF}.Release|x64.Build.0 = Release|Any CPU
		{D6A09448-7F1A-4DAB-8565-C09E9D853EBF}.Release|x86.ActiveCfg = Release|Any CPU
		{D6A09448-7F1A-4DAB-8565-C09E9D853EBF}.Release|x86.Build.0 = Release|Any CPU
		{AC8E32A5-E21C-4607-9D4B-FADA82374F7E}.Debug|Any CPU.ActiveCfg = Debug|Any CPU
		{AC8E32A5-E21C-4607-9D4B-FADA82374F7E}.Debug|Any CPU.Build.0 = Debug|Any CPU
		{AC8E32A5-E21C-4607-9D4B-FADA82374F7E}.Debug|x64.ActiveCfg = Debug|Any CPU
		{AC8E32A5-E21C-4607-9D4B-FADA82374F7E}.Debug|x64.Build.0 = Debug|Any CPU
		{AC8E32A5-E21C-4607-9D4B-FADA82374F7E}.Debug|x86.ActiveCfg = Debug|Any CPU
		{AC8E32A5-E21C-4607-9D4B-FADA82374F7E}.Debug|x86.Build.0 = Debug|Any CPU
		{AC8E32A5-E21C-4607-9D4B-FADA82374F7E}.Release|Any CPU.ActiveCfg = Release|Any CPU
		{AC8E32A5-E21C-4607-9D4B-FADA82374F7E}.Release|Any CPU.Build.0 = Release|Any CPU
		{AC8E32A5-E21C-4607-9D4B-FADA82374F7E}.Release|x64.ActiveCfg = Release|Any CPU
		{AC8E32A5-E21C-4607-9D4B-FADA82374F7E}.Release|x64.Build.0 = Release|Any CPU
		{AC8E32A5-E21C-4607-9D4B-FADA82374F7E}.Release|x86.ActiveCfg = Release|Any CPU
		{AC8E32A5-E21C-4607-9D4B-FADA82374F7E}.Release|x86.Build.0 = Release|Any CPU
	EndGlobalSection
	GlobalSection(NestedProjects) = preSolution
		{C9A9FB49-9DE7-4BA9-BA17-B103F2A42DF3} = {DB0D340A-CD64-4903-9CC7-F439DC14BB13}
		{3E181913-977E-4D94-92E8-209C4A1CE1E6} = {DB0D340A-CD64-4903-9CC7-F439DC14BB13}
		{D6A09448-7F1A-4DAB-8565-C09E9D853EBF} = {DB0D340A-CD64-4903-9CC7-F439DC14BB13}
		{AC8E32A5-E21C-4607-9D4B-FADA82374F7E} = {DB0D340A-CD64-4903-9CC7-F439DC14BB13}
	EndGlobalSection
EndGlobal

